
Microsoft Visual Studio Solution File, Format Version 12.00
# Visual Studio Version 17
VisualStudioVersion = 17.4.33213.308
MinimumVisualStudioVersion = 10.0.40219.1
Project("{FAE04EC0-301F-11D3-BF4B-00C04F79EFBC}") = "AbstractImage", "AbstractImage\AbstractImage.csproj", "{A09EB1E8-BFB9-4B09-909C-67997119CD93}"
EndProject
Global
	GlobalSection(SolutionConfigurationPlatforms) = preSolution
		Debug|Any CPU = Debug|Any CPU
		Release|Any CPU = Release|Any CPU
	EndGlobalSection
	GlobalSection(ProjectConfigurationPlatforms) = postSolution
		{A09EB1E8-BFB9-4B09-909C-67997119CD93}.Debug|Any CPU.ActiveCfg = Debug|Any CPU
		{A09EB1E8-BFB9-4B09-909C-67997119CD93}.Debug|Any CPU.Build.0 = Debug|Any CPU
		{A09EB1E8-BFB9-4B09-909C-67997119CD93}.Release|Any CPU.ActiveCfg = Release|Any CPU
		{A09EB1E8-BFB9-4B09-909C-67997119CD93}.Release|Any CPU.Build.0 = Release|Any CPU
	EndGlobalSection
	GlobalSection(SolutionProperties) = preSolution
		HideSolutionNode = FALSE
	EndGlobalSection
	GlobalSection(ExtensibilityGlobals) = postSolution
		SolutionGuid = {D83559F2-4323-47EB-92EF-BCDF86D7C531}
	EndGlobalSection
EndGlobal
